
Microsoft Visual Studio Solution File, Format Version 12.00
# Visual Studio Version 17
VisualStudioVersion = 17.0.31903.59
MinimumVisualStudioVersion = 10.0.40219.1
Project("{2150E333-8FDC-42A3-9474-1A3956D46DE8}") = "src", "src", "{964BBAC9-AD3A-473F-86D6-8FC5AAC22B5D}"
EndProject
Project("{9A19103F-16F7-4668-BE54-9A1E7A4F7556}") = "CarlosMorgado.Aspire.MongoDB", "src\CarlosMorgado.Aspire.MongoDB\CarlosMorgado.Aspire.MongoDB.csproj", "{10A4D7E4-2618-406C-A8EB-135BD07CF5BF}"
EndProject
Project("{2150E333-8FDC-42A3-9474-1A3956D46DE8}") = "Solution Items", "Solution Items", "{7121A0AB-C453-4B23-A353-1CF6D5B36C09}"
	ProjectSection(SolutionItems) = preProject
		Directory.Build.props = Directory.Build.props
		Directory.Packages.props = Directory.Packages.props
	EndProjectSection
EndProject
Global
	GlobalSection(SolutionConfigurationPlatforms) = preSolution
		Debug|Any CPU = Debug|Any CPU
		Release|Any CPU = Release|Any CPU
	EndGlobalSection
	GlobalSection(ProjectConfigurationPlatforms) = postSolution
		{10A4D7E4-2618-406C-A8EB-135BD07CF5BF}.Debug|Any CPU.ActiveCfg = Debug|Any CPU
		{10A4D7E4-2618-406C-A8EB-135BD07CF5BF}.Debug|Any CPU.Build.0 = Debug|Any CPU
		{10A4D7E4-2618-406C-A8EB-135BD07CF5BF}.Release|Any CPU.ActiveCfg = Release|Any CPU
		{10A4D7E4-2618-406C-A8EB-135BD07CF5BF}.Release|Any CPU.Build.0 = Release|Any CPU
	EndGlobalSection
	GlobalSection(SolutionProperties) = preSolution
		HideSolutionNode = FALSE
	EndGlobalSection
	GlobalSection(NestedProjects) = preSolution
		{10A4D7E4-2618-406C-A8EB-135BD07CF5BF} = {964BBAC9-AD3A-473F-86D6-8FC5AAC22B5D}
	EndGlobalSection
	GlobalSection(ExtensibilityGlobals) = postSolution
		SolutionGuid = {90AA4308-D314-471B-AD84-9014A1F771E3}
	EndGlobalSection
EndGlobal
